<?xml version="1.0" encoding="utf-8"?>
<Project ToolsVersion="4.0" xmlns="http://schemas.microsoft.com/developer/msbuild/2003">
  <ItemGroup>
    <Filter Include="Source Files">
      <UniqueIdentifier>{4FC737F1-C7A5-4376-A066-2A32D752A2FF}</UniqueIdentifier>
      <Extensions>cpp;c;cc;cxx;c++;cppm;ixx;def;odl;idl;hpj;bat;asm;asmx</Extensions>
    </Filter>
    <Filter Include="Header Files">
      <UniqueIdentifier>{93995380-89BD-4b04-88EB-625FBE52EBFB}</UniqueIdentifier>
      <Extensions>h;hh;hpp;hxx;h++;hm;inl;inc;ipp;xsd</Extensions>
    </Filter>
    <Filter Include="Resource Files">
      <UniqueIdentifier>{67DA6AB6-F800-4c08-8B7A-83BB121AAD01}</UniqueIdentifier>
      <Extensions>rc;ico;cur;bmp;dlg;rc2;rct;bin;rgs;gif;jpg;jpeg;jpe;resx;tiff;tif;png;wav;mfcribbon-ms</Extensions>
    </Filter>
    <Filter Include="Shaders">
      <UniqueIdentifier>{03e2c850-c485-4f8e-8328-a7d15e2a1166}</UniqueIdentifier>
    </Filter>
    <Filter Include="Header Files\External Headers">
      <UniqueIdentifier>{5a1a941b-60ad-41f3-a724-b4bada40f0d2}</UniqueIdentifier>
    </Filter>
  </ItemGroup>
  <ItemGroup>
    <ClCompile Include="Source.cpp">
      <Filter>Source Files</Filter>
    </ClCompile>
    <ClCompile Include="Controls.cpp">
      <Filter>Source Files</Filter>
    </ClCompile>
    <ClCompile Include="GameObject.cpp">
      <Filter>Source Files</Filter>
    </ClCompile>
    <ClCompile Include="Models.cpp">
      <Filter>Source Files</Filter>
    </ClCompile>
    <ClCompile Include="SimpleWorld.cpp">
      <Filter>Source Files</Filter>
    </ClCompile>
    <ClCompile Include="PlaneController.cpp">
      <Filter>Source Files</Filter>
    </ClCompile>
    <ClCompile Include="Physics.cpp">
      <Filter>Source Files</Filter>
    </ClCompile>
  </ItemGroup>
  <ItemGroup>
    <ClInclude Include="Controls.h">
      <Filter>Header Files</Filter>
    </ClInclude>
    <ClInclude Include="WindowInitialiser.hpp">
      <Filter>Header Files</Filter>
    </ClInclude>
    <ClInclude Include="FrameTracking.hpp">
      <Filter>Header Files</Filter>
    </ClInclude>
    <ClInclude Include="LoadShaders.hpp">
      <Filter>Header Files</Filter>
    </ClInclude>
    <ClInclude Include="Models.h">
      <Filter>Header Files</Filter>
    </ClInclude>
    <ClInclude Include="GameObject.h">
      <Filter>Header Files</Filter>
    </ClInclude>
    <ClInclude Include="Lighting.h">
      <Filter>Header Files</Filter>
    </ClInclude>
    <ClInclude Include="UIText.hpp">
      <Filter>Header Files</Filter>
    </ClInclude>
    <ClInclude Include="Utilities.hpp">
      <Filter>Header Files</Filter>
    </ClInclude>
    <ClInclude Include="SimpleWorld.h">
      <Filter>Header Files</Filter>
    </ClInclude>
    <ClInclude Include="PerlinNoise.hpp">
      <Filter>Header Files\External Headers</Filter>
    </ClInclude>
    <ClInclude Include="stb_image_write.h">
      <Filter>Header Files\External Headers</Filter>
    </ClInclude>
    <ClInclude Include="stb_image.h">
      <Filter>Header Files\External Headers</Filter>
    </ClInclude>
    <ClInclude Include="PlaneController.h">
      <Filter>Header Files</Filter>
    </ClInclude>
    <ClInclude Include="Physics.h">
      <Filter>Header Files</Filter>
    </ClInclude>
  </ItemGroup>
  <ItemGroup>
    <None Include="VertexShader.glsl">
      <Filter>Shaders</Filter>
    </None>
    <None Include="FragmentShader.glsl">
      <Filter>Shaders</Filter>
    </None>
    <None Include="TextVert.glsl">
      <Filter>Shaders</Filter>
    </None>
    <None Include="TextFrag.glsl">
      <Filter>Shaders</Filter>
    </None>
    <None Include="GroundVert.glsl">
      <Filter>Shaders</Filter>
    </None>
    <None Include="GroundFrag.glsl">
      <Filter>Shaders</Filter>
    </None>
    <None Include="SkyVert.glsl">
      <Filter>Shaders</Filter>
    </None>
    <None Include="SkyFrag.glsl">
      <Filter>Shaders</Filter>
    </None>
  </ItemGroup>
</Project>